// !$*UTF8*$!
{
	archiveVersion = 1;
	classes = {
	};
	objectVersion = 50;
	objects = {

/* Begin PBXBuildFile section */
		250E7145222EB3750039C051 /* AppDelegate.swift in Sources */ = {isa = PBXBuildFile; fileRef = 250E7144222EB3750039C051 /* AppDelegate.swift */; };
		250E7147222EB3750039C051 /* WeatherViewController.swift in Sources */ = {isa = PBXBuildFile; fileRef = 250E7146222EB3750039C051 /* WeatherViewController.swift */; };
		250E714A222EB3750039C051 /* Main.storyboard in Resources */ = {isa = PBXBuildFile; fileRef = 250E7148222EB3750039C051 /* Main.storyboard */; };
		250E714C222EB3770039C051 /* Assets.xcassets in Resources */ = {isa = PBXBuildFile; fileRef = 250E714B222EB3770039C051 /* Assets.xcassets */; };
		250E714F222EB3770039C051 /* LaunchScreen.storyboard in Resources */ = {isa = PBXBuildFile; fileRef = 250E714D222EB3770039C051 /* LaunchScreen.storyboard */; };
		250E715A222EB8430039C051 /* ChangeLocationViewController.swift in Sources */ = {isa = PBXBuildFile; fileRef = 250E7159222EB8430039C051 /* ChangeLocationViewController.swift */; };
		E3B5A1F9C5D21E98515EB224 /* Pods_iOS_Weather_App.framework in Frameworks */ = {isa = PBXBuildFile; fileRef = C5335EBF5EEA4BC161E83FC5 /* Pods_iOS_Weather_App.framework */; };
/* End PBXBuildFile section */

/* Begin PBXFileReference section */
		250E7141222EB3750039C051 /* iOS Weather App.app */ = {isa = PBXFileReference; explicitFileType = wrapper.application; includeInIndex = 0; path = "iOS Weather App.app"; sourceTree = BUILT_PRODUCTS_DIR; };
		250E7144222EB3750039C051 /* AppDelegate.swift */ = {isa = PBXFileReference; lastKnownFileType = sourcecode.swift; path = AppDelegate.swift; sourceTree = "<group>"; };
		250E7146222EB3750039C051 /* WeatherViewController.swift */ = {isa = PBXFileReference; lastKnownFileType = sourcecode.swift; path = WeatherViewController.swift; sourceTree = "<group>"; };
		250E7149222EB3750039C051 /* Base */ = {isa = PBXFileReference; lastKnownFileType = file.storyboard; name = Base; path = Base.lproj/Main.storyboard; sourceTree = "<group>"; };
		250E714B222EB3770039C051 /* Assets.xcassets */ = {isa = PBXFileReference; lastKnownFileType = folder.assetcatalog; path = Assets.xcassets; sourceTree = "<group>"; };
		250E714E222EB3770039C051 /* Base */ = {isa = PBXFileReference; lastKnownFileType = file.storyboard; name = Base; path = Base.lproj/LaunchScreen.storyboard; sourceTree = "<group>"; };
		250E7150222EB3770039C051 /* Info.plist */ = {isa = PBXFileReference; lastKnownFileType = text.plist.xml; path = Info.plist; sourceTree = "<group>"; };
		250E7159222EB8430039C051 /* ChangeLocationViewController.swift */ = {isa = PBXFileReference; lastKnownFileType = sourcecode.swift; path = ChangeLocationViewController.swift; sourceTree = "<group>"; };
		5304022CC63740BF71F86A48 /* Pods-iOS Weather App.release.xcconfig */ = {isa = PBXFileReference; includeInIndex = 1; lastKnownFileType = text.xcconfig; name = "Pods-iOS Weather App.release.xcconfig"; path = "Target Support Files/Pods-iOS Weather App/Pods-iOS Weather App.release.xcconfig"; sourceTree = "<group>"; };
		C5335EBF5EEA4BC161E83FC5 /* Pods_iOS_Weather_App.framework */ = {isa = PBXFileReference; explicitFileType = wrapper.framework; includeInIndex = 0; path = Pods_iOS_Weather_App.framework; sourceTree = BUILT_PRODUCTS_DIR; };
		DAD445ADF62FBCF62C50BB48 /* Pods-iOS Weather App.debug.xcconfig */ = {isa = PBXFileReference; includeInIndex = 1; lastKnownFileType = text.xcconfig; name = "Pods-iOS Weather App.debug.xcconfig"; path = "Target Support Files/Pods-iOS Weather App/Pods-iOS Weather App.debug.xcconfig"; sourceTree = "<group>"; };
/* End PBXFileReference section */

/* Begin PBXFrameworksBuildPhase section */
		250E713E222EB3750039C051 /* Frameworks */ = {
			isa = PBXFrameworksBuildPhase;
			buildActionMask = 2147483647;
			files = (
				E3B5A1F9C5D21E98515EB224 /* Pods_iOS_Weather_App.framework in Frameworks */,
			);
			runOnlyForDeploymentPostprocessing = 0;
		};
/* End PBXFrameworksBuildPhase section */

/* Begin PBXGroup section */
		0B68A8C8DD4CA2118AD6DC38 /* Frameworks */ = {
			isa = PBXGroup;
			children = (
				C5335EBF5EEA4BC161E83FC5 /* Pods_iOS_Weather_App.framework */,
			);
			name = Frameworks;
			sourceTree = "<group>";
		};
		250E7138222EB3750039C051 = {
			isa = PBXGroup;
			children = (
				250E7143222EB3750039C051 /* iOS Weather App */,
				250E7142222EB3750039C051 /* Products */,
				E262D4E71B02F4F2AFD14A67 /* Pods */,
				0B68A8C8DD4CA2118AD6DC38 /* Frameworks */,
			);
			sourceTree = "<group>";
		};
		250E7142222EB3750039C051 /* Products */ = {
			isa = PBXGroup;
			children = (
				250E7141222EB3750039C051 /* iOS Weather App.app */,
			);
			name = Products;
			sourceTree = "<group>";
		};
		250E7143222EB3750039C051 /* iOS Weather App */ = {
			isa = PBXGroup;
			children = (
				250E7144222EB3750039C051 /* AppDelegate.swift */,
				250E7157222EB6C80039C051 /* Controllers */,
				250E7156222EB6B90039C051 /* Views */,
				250E7158222EB6D70039C051 /* Supporting Files */,
				250E7150222EB3770039C051 /* Info.plist */,
			);
			path = "iOS Weather App";
			sourceTree = "<group>";
		};
		250E7156222EB6B90039C051 /* Views */ = {
			isa = PBXGroup;
			children = (
				250E7148222EB3750039C051 /* Main.storyboard */,
				250E714D222EB3770039C051 /* LaunchScreen.storyboard */,
			);
			path = Views;
			sourceTree = "<group>";
		};
		250E7157222EB6C80039C051 /* Controllers */ = {
			isa = PBXGroup;
			children = (
				250E7146222EB3750039C051 /* WeatherViewController.swift */,
				250E7159222EB8430039C051 /* ChangeLocationViewController.swift */,
			);
			path = Controllers;
			sourceTree = "<group>";
		};
		250E7158222EB6D70039C051 /* Supporting Files */ = {
			isa = PBXGroup;
			children = (
				250E714B222EB3770039C051 /* Assets.xcassets */,
			);
			path = "Supporting Files";
			sourceTree = "<group>";
		};
		E262D4E71B02F4F2AFD14A67 /* Pods */ = {
			isa = PBXGroup;
			children = (
				DAD445ADF62FBCF62C50BB48 /* Pods-iOS Weather App.debug.xcconfig */,
				5304022CC63740BF71F86A48 /* Pods-iOS Weather App.release.xcconfig */,
			);
			path = Pods;
			sourceTree = "<group>";
		};
/* End PBXGroup section */

/* Begin PBXNativeTarget section */
		250E7140222EB3750039C051 /* iOS Weather App */ = {
			isa = PBXNativeTarget;
			buildConfigurationList = 250E7153222EB3770039C051 /* Build configuration list for PBXNativeTarget "iOS Weather App" */;
			buildPhases = (
				0BC8F70F17D297D90A49C1F5 /* [CP] Check Pods Manifest.lock */,
				250E713D222EB3750039C051 /* Sources */,
				250E713E222EB3750039C051 /* Frameworks */,
				250E713F222EB3750039C051 /* Resources */,
				788A3E920AB5FCEC552EC71F /* [CP] Embed Pods Frameworks */,
			);
			buildRules = (
			);
			dependencies = (
			);
			name = "iOS Weather App";
			productName = "iOS Weather App";
			productReference = 250E7141222EB3750039C051 /* iOS Weather App.app */;
			productType = "com.apple.product-type.application";
		};
/* End PBXNativeTarget section */

/* Begin PBXProject section */
		250E7139222EB3750039C051 /* Project object */ = {
			isa = PBXProject;
			attributes = {
				LastSwiftUpdateCheck = 1010;
				LastUpgradeCheck = 1010;
				ORGANIZATIONNAME = "Ivan Su";
				TargetAttributes = {
					250E7140222EB3750039C051 = {
						CreatedOnToolsVersion = 10.1;
					};
				};
			};
			buildConfigurationList = 250E713C222EB3750039C051 /* Build configuration list for PBXProject "iOS Weather App" */;
			compatibilityVersion = "Xcode 9.3";
			developmentRegion = en;
			hasScannedForEncodings = 0;
			knownRegions = (
				en,
				Base,
			);
			mainGroup = 250E7138222EB3750039C051;
			productRefGroup = 250E7142222EB3750039C051 /* Products */;
			projectDirPath = "";
			projectRoot = "";
			targets = (
				250E7140222EB3750039C051 /* iOS Weather App */,
			);
		};
/* End PBXProject section */

/* Begin PBXResourcesBuildPhase section */
		250E713F222EB3750039C051 /* Resources */ = {
			isa = PBXResourcesBuildPhase;
			buildActionMask = 2147483647;
			files = (
				250E714F222EB3770039C051 /* LaunchScreen.storyboard in Resources */,
				250E714C222EB3770039C051 /* Assets.xcassets in Resources */,
				250E714A222EB3750039C051 /* Main.storyboard in Resources */,
			);
			runOnlyForDeploymentPostprocessing = 0;
		};
/* End PBXResourcesBuildPhase section */

/* Begin PBXShellScriptBuildPhase section */
		0BC8F70F17D297D90A49C1F5 /* [CP] Check Pods Manifest.lock */ = {
			isa = PBXShellScriptBuildPhase;
			buildActionMask = 2147483647;
			files = (
			);
			inputFileListPaths = (
			);
			inputPaths = (
				"${PODS_PODFILE_DIR_PATH}/Podfile.lock",
				"${PODS_ROOT}/Manifest.lock",
			);
			name = "[CP] Check Pods Manifest.lock";
			outputFileListPaths = (
			);
			outputPaths = (
				"$(DERIVED_FILE_DIR)/Pods-iOS Weather App-checkManifestLockResult.txt",
			);
			runOnlyForDeploymentPostprocessing = 0;
			shellPath = /bin/sh;
			shellScript = "diff \"${PODS_PODFILE_DIR_PATH}/Podfile.lock\" \"${PODS_ROOT}/Manifest.lock\" > /dev/null\nif [ $? != 0 ] ; then\n    # print error to STDERR\n    echo \"error: The sandbox is not in sync with the Podfile.lock. Run 'pod install' or update your CocoaPods installation.\" >&2\n    exit 1\nfi\n# This output is used by Xcode 'outputs' to avoid re-running this script phase.\necho \"SUCCESS\" > \"${SCRIPT_OUTPUT_FILE_0}\"\n";
			showEnvVarsInLog = 0;
		};
		788A3E920AB5FCEC552EC71F /* [CP] Embed Pods Frameworks */ = {
			isa = PBXShellScriptBuildPhase;
			buildActionMask = 2147483647;
			files = (
			);
			inputFileListPaths = (
			);
			inputPaths = (
				"${PODS_ROOT}/Target Support Files/Pods-iOS Weather App/Pods-iOS Weather App-frameworks.sh",
				"${BUILT_PRODUCTS_DIR}/Alamofire/Alamofire.framework",
				"${BUILT_PRODUCTS_DIR}/SVProgressHUD/SVProgressHUD.framework",
				"${BUILT_PRODUCTS_DIR}/SwiftyJSON/SwiftyJSON.framework",
			);
			name = "[CP] Embed Pods Frameworks";
			outputFileListPaths = (
			);
			outputPaths = (
				"${TARGET_BUILD_DIR}/${FRAMEWORKS_FOLDER_PATH}/Alamofire.framework",
				"${TARGET_BUILD_DIR}/${FRAMEWORKS_FOLDER_PATH}/SVProgressHUD.framework",
				"${TARGET_BUILD_DIR}/${FRAMEWORKS_FOLDER_PATH}/SwiftyJSON.framework",
			);
			runOnlyForDeploymentPostprocessing = 0;
			shellPath = /bin/sh;
			shellScript = "\"${PODS_ROOT}/Target Support Files/Pods-iOS Weather App/Pods-iOS Weather App-frameworks.sh\"\n";
			showEnvVarsInLog = 0;
		};
/* End PBXShellScriptBuildPhase section */

/* Begin PBXSourcesBuildPhase section */
		250E713D222EB3750039C051 /* Sources */ = {
			isa = PBXSourcesBuildPhase;
			buildActionMask = 2147483647;
			files = (
				250E7147222EB3750039C051 /* WeatherViewController.swift in Sources */,
				250E715A222EB8430039C051 /* ChangeLocationViewController.swift in Sources */,
				250E7145222EB3750039C051 /* AppDelegate.swift in Sources */,
			);
			runOnlyForDeploymentPostprocessing = 0;
		};
/* End PBXSourcesBuildPhase section */

/* Begin PBXVariantGroup section */
		250E7148222EB3750039C051 /* Main.storyboard */ = {
			isa = PBXVariantGroup;
			children = (
				250E7149222EB3750039C051 /* Base */,
			);
			name = Main.storyboard;
			sourceTree = "<group>";
		};
		250E714D222EB3770039C051 /* LaunchScreen.storyboard */ = {
			isa = PBXVariantGroup;
			children = (
				250E714E222EB3770039C051 /* Base */,
			);
			name = LaunchScreen.storyboard;
			sourceTree = "<group>";
		};
/* End PBXVariantGroup section */

/* Begin XCBuildConfiguration section */
		250E7151222EB3770039C051 /* Debug */ = {
			isa = XCBuildConfiguration;
			buildSettings = {
				ALWAYS_SEARCH_USER_PATHS = NO;
				CLANG_ANALYZER_NONNULL = YES;
				CLANG_ANALYZER_NUMBER_OBJECT_CONVERSION = YES_AGGRESSIVE;
				CLANG_CXX_LANGUAGE_STANDARD = "gnu++14";
				CLANG_CXX_LIBRARY = "libc++";
				CLANG_ENABLE_MODULES = YES;
				CLANG_ENABLE_OBJC_ARC = YES;
				CLANG_ENABLE_OBJC_WEAK = YES;
				CLANG_WARN_BLOCK_CAPTURE_AUTORELEASING = YES;
				CLANG_WARN_BOOL_CONVERSION = YES;
				CLANG_WARN_COMMA = YES;
				CLANG_WARN_CONSTANT_CONVERSION = YES;
				CLANG_WARN_DEPRECATED_OBJC_IMPLEMENTATIONS = YES;
				CLANG_WARN_DIRECT_OBJC_ISA_USAGE = YES_ERROR;
				CLANG_WARN_DOCUMENTATION_COMMENTS = YES;
				CLANG_WARN_EMPTY_BODY = YES;
				CLANG_WARN_ENUM_CONVERSION = YES;
				CLANG_WARN_INFINITE_RECURSION = YES;
				CLANG_WARN_INT_CONVERSION = YES;
				CLANG_WARN_NON_LITERAL_NULL_CONVERSION = YES;
				CLANG_WARN_OBJC_IMPLICIT_RETAIN_SELF = YES;
				CLANG_WARN_OBJC_LITERAL_CONVERSION = YES;
				CLANG_WARN_OBJC_ROOT_CLASS = YES_ERROR;
				CLANG_WARN_RANGE_LOOP_ANALYSIS = YES;
				CLANG_WARN_STRICT_PROTOTYPES = YES;
				CLANG_WARN_SUSPICIOUS_MOVE = YES;
				CLANG_WARN_UNGUARDED_AVAILABILITY = YES_AGGRESSIVE;
				CLANG_WARN_UNREACHABLE_CODE = YES;
				CLANG_WARN__DUPLICATE_METHOD_MATCH = YES;
				CODE_SIGN_IDENTITY = "iPhone Developer";
				COPY_PHASE_STRIP = NO;
				DEBUG_INFORMATION_FORMAT = dwarf;
				ENABLE_STRICT_OBJC_MSGSEND = YES;
				ENABLE_TESTABILITY = YES;
				GCC_C_LANGUAGE_STANDARD = gnu11;
				GCC_DYNAMIC_NO_PIC = NO;
				GCC_NO_COMMON_BLOCKS = YES;
				GCC_OPTIMIZATION_LEVEL = 0;
				GCC_PREPROCESSOR_DEFINITIONS = (
					"DEBUG=1",
					"$(inherited)",
				);
				GCC_WARN_64_TO_32_BIT_CONVERSION = YES;
				GCC_WARN_ABOUT_RETURN_TYPE = YES_ERROR;
				GCC_WARN_UNDECLARED_SELECTOR = YES;
				GCC_WARN_UNINITIALIZED_AUTOS = YES_AGGRESSIVE;
				GCC_WARN_UNUSED_FUNCTION = YES;
				GCC_WARN_UNUSED_VARIABLE = YES;
				IPHONEOS_DEPLOYMENT_TARGET = 12.1;
				MTL_ENABLE_DEBUG_INFO = INCLUDE_SOURCE;
				MTL_FAST_MATH = YES;
				ONLY_ACTIVE_ARCH = YES;
				SDKROOT = iphoneos;
				SWIFT_ACTIVE_COMPILATION_CONDITIONS = DEBUG;
				SWIFT_OPTIMIZATION_LEVEL = "-Onone";
			};
			name = Debug;
		};
		250E7152222EB3770039C051 /* Release */ = {
			isa = XCBuildConfiguration;
			buildSettings = {
				ALWAYS_SEARCH_USER_PATHS = NO;
				CLANG_ANALYZER_NONNULL = YES;
				CLANG_ANALYZER_NUMBER_OBJECT_CONVERSION = YES_AGGRESSIVE;
				CLANG_CXX_LANGUAGE_STANDARD = "gnu++14";
				CLANG_CXX_LIBRARY = "libc++";
				CLANG_ENABLE_MODULES = YES;
				CLANG_ENABLE_OBJC_ARC = YES;
				CLANG_ENABLE_OBJC_WEAK = YES;
				CLANG_WARN_BLOCK_CAPTURE_AUTORELEASING = YES;
				CLANG_WARN_BOOL_CONVERSION = YES;
				CLANG_WARN_COMMA = YES;
				CLANG_WARN_CONSTANT_CONVERSION = YES;
				CLANG_WARN_DEPRECATED_OBJC_IMPLEMENTATIONS = YES;
				CLANG_WARN_DIRECT_OBJC_ISA_USAGE = YES_ERROR;
				CLANG_WARN_DOCUMENTATION_COMMENTS = YES;
				CLANG_WARN_EMPTY_BODY = YES;
				CLANG_WARN_ENUM_CONVERSION = YES;
				CLANG_WARN_INFINITE_RECURSION = YES;
				CLANG_WARN_INT_CONVERSION = YES;
				CLANG_WARN_NON_LITERAL_NULL_CONVERSION = YES;
				CLANG_WARN_OBJC_IMPLICIT_RETAIN_SELF = YES;
				CLANG_WARN_OBJC_LITERAL_CONVERSION = YES;
				CLANG_WARN_OBJC_ROOT_CLASS = YES_ERROR;
				CLANG_WARN_RANGE_LOOP_ANALYSIS = YES;
				CLANG_WARN_STRICT_PROTOTYPES = YES;
				CLANG_WARN_SUSPICIOUS_MOVE = YES;
				CLANG_WARN_UNGUARDED_AVAILABILITY = YES_AGGRESSIVE;
				CLANG_WARN_UNREACHABLE_CODE = YES;
				CLANG_WARN__DUPLICATE_METHOD_MATCH = YES;
				CODE_SIGN_IDENTITY = "iPhone Developer";
				COPY_PHASE_STRIP = NO;
				DEBUG_INFORMATION_FORMAT = "dwarf-with-dsym";
				ENABLE_NS_ASSERTIONS = NO;
				ENABLE_STRICT_OBJC_MSGSEND = YES;
				GCC_C_LANGUAGE_STANDARD = gnu11;
				GCC_NO_COMMON_BLOCKS = YES;
				GCC_WARN_64_TO_32_BIT_CONVERSION = YES;
				GCC_WARN_ABOUT_RETURN_TYPE = YES_ERROR;
				GCC_WARN_UNDECLARED_SELECTOR = YES;
				GCC_WARN_UNINITIALIZED_AUTOS = YES_AGGRESSIVE;
				GCC_WARN_UNUSED_FUNCTION = YES;
				GCC_WARN_UNUSED_VARIABLE = YES;
				IPHONEOS_DEPLOYMENT_TARGET = 12.1;
				MTL_ENABLE_DEBUG_INFO = NO;
				MTL_FAST_MATH = YES;
				SDKROOT = iphoneos;
				SWIFT_COMPILATION_MODE = wholemodule;
				SWIFT_OPTIMIZATION_LEVEL = "-O";
				VALIDATE_PRODUCT = YES;
			};
			name = Release;
		};
		250E7154222EB3770039C051 /* Debug */ = {
			isa = XCBuildConfiguration;
			baseConfigurationReference = DAD445ADF62FBCF62C50BB48 /* Pods-iOS Weather App.debug.xcconfig */;
			buildSettings = {
				ASSETCATALOG_COMPILER_APPICON_NAME = AppIcon;
				CODE_SIGN_STYLE = Automatic;
				INFOPLIST_FILE = "iOS Weather App/Info.plist";
				LD_RUNPATH_SEARCH_PATHS = (
					"$(inherited)",
					"@executable_path/Frameworks",
				);
				PRODUCT_BUNDLE_IDENTIFIER = "site.ivansu.iOS-Weather-App";
				PRODUCT_NAME = "$(TARGET_NAME)";
				SWIFT_VERSION = 4.2;
				TARGETED_DEVICE_FAMILY = "1,2";
			};
			name = Debug;
		};
		250E7155222EB3770039C051 /* Release */ = {
			isa = XCBuildConfiguration;
			baseConfigurationReference = 5304022CC63740BF71F86A48 /* Pods-iOS Weather App.release.xcconfig */;
			buildSettings = {
				ASSETCATALOG_COMPILER_APPICON_NAME = AppIcon;
				CODE_SIGN_STYLE = Automatic;
				INFOPLIST_FILE = "iOS Weather App/Info.plist";
				LD_RUNPATH_SEARCH_PATHS = (
					"$(inherited)",
					"@executable_path/Frameworks",
				);
				PRODUCT_BUNDLE_IDENTIFIER = "site.ivansu.iOS-Weather-App";
				PRODUCT_NAME = "$(TARGET_NAME)";
				SWIFT_VERSION = 4.2;
				TARGETED_DEVICE_FAMILY = "1,2";
			};
			name = Release;
		};
/* End XCBuildConfiguration section */

/* Begin XCConfigurationList section */
		250E713C222EB3750039C051 /* Build configuration list for PBXProject "iOS Weather App" */ = {
			isa = XCConfigurationList;
			buildConfigurations = (
				250E7151222EB3770039C051 /* Debug */,
				250E7152222EB3770039C051 /* Release */,
			);
			defaultConfigurationIsVisible = 0;
			defaultConfigurationName = Release;
		};
		250E7153222EB3770039C051 /* Build configuration list for PBXNativeTarget "iOS Weather App" */ = {
			isa = XCConfigurationList;
			buildConfigurations = (
				250E7154222EB3770039C051 /* Debug */,
				250E7155222EB3770039C051 /* Release */,
			);
			defaultConfigurationIsVisible = 0;
			defaultConfigurationName = Release;
		};
/* End XCConfigurationList section */
	};
	rootObject = 250E7139222EB3750039C051 /* Project object */;
}
